
Microsoft Visual Studio Solution File, Format Version 12.00
# Visual Studio Version 17
VisualStudioVersion = 17.4.33205.214
MinimumVisualStudioVersion = 10.0.40219.1
Project("{FAE04EC0-301F-11D3-BF4B-00C04F79EFBC}") = "ОПД начало работы", "ОПД начало работы\ОПД начало работы.csproj", "{A485C280-6296-45A3-92F6-E460937E7C7C}"
EndProject
Global
	GlobalSection(SolutionConfigurationPlatforms) = preSolution
		Debug|Any CPU = Debug|Any CPU
		Release|Any CPU = Release|Any CPU
	EndGlobalSection
	GlobalSection(ProjectConfigurationPlatforms) = postSolution
		{A485C280-6296-45A3-92F6-E460937E7C7C}.Debug|Any CPU.ActiveCfg = Debug|Any CPU
		{A485C280-6296-45A3-92F6-E460937E7C7C}.Debug|Any CPU.Build.0 = Debug|Any CPU
		{A485C280-6296-45A3-92F6-E460937E7C7C}.Release|Any CPU.ActiveCfg = Release|Any CPU
		{A485C280-6296-45A3-92F6-E460937E7C7C}.Release|Any CPU.Build.0 = Release|Any CPU
	EndGlobalSection
	GlobalSection(SolutionProperties) = preSolution
		HideSolutionNode = FALSE
	EndGlobalSection
	GlobalSection(ExtensibilityGlobals) = postSolution
		SolutionGuid = {69454EC2-8A96-4E6B-B809-ECE6E0DE717E}
	EndGlobalSection
EndGlobal
